# This file is automatically @generated by Poetry 1.4.2 and should not be changed by hand.

[[package]]
name = "asgiref"
version = "3.7.2"
description = "ASGI specs, helper code, and adapters"
category = "main"
optional = false
python-versions = ">=3.7"
files = [
    {file = "asgiref-3.7.2-py3-none-any.whl", hash = "sha256:89b2ef2247e3b562a16eef663bc0e2e703ec6468e2fa8a5cd61cd449786d4f6e"},
    {file = "asgiref-3.7.2.tar.gz", hash = "sha256:9e0ce3aa93a819ba5b45120216b23878cf6e8525eb3848653452b4192b92afed"},
]

[package.dependencies]
typing-extensions = {version = ">=4", markers = "python_version < \"3.11\""}

[package.extras]
tests = ["mypy (>=0.800)", "pytest", "pytest-asyncio"]

[[package]]
name = "autopep8"
version = "2.0.2"
description = "A tool that automatically formats Python code to conform to the PEP 8 style guide"
category = "main"
optional = false
python-versions = ">=3.6"
files = [
    {file = "autopep8-2.0.2-py2.py3-none-any.whl", hash = "sha256:86e9303b5e5c8160872b2f5ef611161b2893e9bfe8ccc7e2f76385947d57a2f1"},
    {file = "autopep8-2.0.2.tar.gz", hash = "sha256:f9849cdd62108cb739dbcdbfb7fdcc9a30d1b63c4cc3e1c1f893b5360941b61c"},
]

[package.dependencies]
pycodestyle = ">=2.10.0"
tomli = {version = "*", markers = "python_version < \"3.11\""}

[[package]]
name = "django"
version = "4.2.4"
description = "A high-level Python web framework that encourages rapid development and clean, pragmatic design."
category = "main"
optional = false
python-versions = ">=3.8"
files = [
    {file = "Django-4.2.4-py3-none-any.whl", hash = "sha256:860ae6a138a238fc4f22c99b52f3ead982bb4b1aad8c0122bcd8c8a3a02e409d"},
    {file = "Django-4.2.4.tar.gz", hash = "sha256:7e4225ec065e0f354ccf7349a22d209de09cc1c074832be9eb84c51c1799c432"},
]

[package.dependencies]
asgiref = ">=3.6.0,<4"
sqlparse = ">=0.3.1"
tzdata = {version = "*", markers = "sys_platform == \"win32\""}

[package.extras]
argon2 = ["argon2-cffi (>=19.1.0)"]
bcrypt = ["bcrypt"]

[[package]]
name = "django-silk"
version = "5.0.3"
description = "Silky smooth profiling for the Django Framework"
category = "main"
optional = false
python-versions = ">=3.7"
files = [
    {file = "django-silk-5.0.3.tar.gz", hash = "sha256:2f1fcaaf21192011147537fe1ca72dc9f552f32d7043ebd82aeeda370f194469"},
    {file = "django_silk-5.0.3-py3-none-any.whl", hash = "sha256:50552f06d9306d06517fbeab9a2c74856355e06304f03ed16b6dd353f7c77e7a"},
]

[package.dependencies]
autopep8 = "*"
Django = ">=3.2"
gprof2dot = ">=2017.09.19"
sqlparse = "*"

[[package]]
name = "gprof2dot"
version = "2022.7.29"
description = "Generate a dot graph from the output of several profilers."
category = "main"
optional = false
python-versions = ">=2.7"
files = [
    {file = "gprof2dot-2022.7.29-py2.py3-none-any.whl", hash = "sha256:f165b3851d3c52ee4915eb1bd6cca571e5759823c2cd0f71a79bda93c2dc85d6"},
    {file = "gprof2dot-2022.7.29.tar.gz", hash = "sha256:45b4d298bd36608fccf9511c3fd88a773f7a1abc04d6cd39445b11ba43133ec5"},
]

[[package]]
name = "graphql-core"
version = "3.2.3"
description = "GraphQL implementation for Python, a port of GraphQL.js, the JavaScript reference implementation for GraphQL."
category = "main"
optional = false
python-versions = ">=3.6,<4"
files = [
    {file = "graphql-core-3.2.3.tar.gz", hash = "sha256:06d2aad0ac723e35b1cb47885d3e5c45e956a53bc1b209a9fc5369007fe46676"},
    {file = "graphql_core-3.2.3-py3-none-any.whl", hash = "sha256:5766780452bd5ec8ba133f8bf287dc92713e3868ddd83aee4faab9fc3e303dc3"},
]

[[package]]
name = "pycodestyle"
version = "2.11.0"
description = "Python style guide checker"
category = "main"
optional = false
python-versions = ">=3.8"
files = [
    {file = "pycodestyle-2.11.0-py2.py3-none-any.whl", hash = "sha256:5d1013ba8dc7895b548be5afb05740ca82454fd899971563d2ef625d090326f8"},
    {file = "pycodestyle-2.11.0.tar.gz", hash = "sha256:259bcc17857d8a8b3b4a2327324b79e5f020a13c16074670f9c8c8f872ea76d0"},
]

[[package]]
name = "python-dateutil"
version = "2.8.2"
description = "Extensions to the standard Python datetime module"
category = "main"
optional = false
python-versions = "!=3.0.*,!=3.1.*,!=3.2.*,>=2.7"
files = [
    {file = "python-dateutil-2.8.2.tar.gz", hash = "sha256:0123cacc1627ae19ddf3c27a5de5bd67ee4586fbdd6440d9748f8abb483d3e86"},
    {file = "python_dateutil-2.8.2-py2.py3-none-any.whl", hash = "sha256:961d03dc3453ebbc59dbdea9e4e11c5651520a876d0f4db161e8674aae935da9"},
]

[package.dependencies]
six = ">=1.5"

[[package]]
name = "six"
version = "1.16.0"
description = "Python 2 and 3 compatibility utilities"
category = "main"
optional = false
python-versions = ">=2.7, !=3.0.*, !=3.1.*, !=3.2.*"
files = [
    {file = "six-1.16.0-py2.py3-none-any.whl", hash = "sha256:8abb2f1d86890a2dfb989f9a77cfcfd3e47c2a354b01111771326f8aa26e0254"},
    {file = "six-1.16.0.tar.gz", hash = "sha256:1e61c37477a1626458e36f7b1d82aa5c9b094fa4802892072e49de9c60c4c926"},
]

[[package]]
name = "sqlparse"
version = "0.4.4"
description = "A non-validating SQL parser."
category = "main"
optional = false
python-versions = ">=3.5"
files = [
    {file = "sqlparse-0.4.4-py3-none-any.whl", hash = "sha256:5430a4fe2ac7d0f93e66f1efc6e1338a41884b7ddf2a350cedd20ccc4d9d28f3"},
    {file = "sqlparse-0.4.4.tar.gz", hash = "sha256:d446183e84b8349fa3061f0fe7f06ca94ba65b426946ffebe6e3e8295332420c"},
]

[package.extras]
dev = ["build", "flake8"]
doc = ["sphinx"]
test = ["pytest", "pytest-cov"]

[[package]]
name = "strawberry-graphql"
version = "0.204.0"
description = "A library for creating GraphQL APIs"
category = "main"
optional = false
python-versions = ">=3.8,<4.0"
files = [
    {file = "strawberry_graphql-0.204.0-py3-none-any.whl", hash = "sha256:e5f46abf49e7569335b51e992fb54f040355712274cf74a8bd540dd692457ccd"},
    {file = "strawberry_graphql-0.204.0.tar.gz", hash = "sha256:2c806036ecfe6d32cc0bae111346d9df24a7ca7156cc61047ce429efbb6cd630"},
]

[package.dependencies]
graphql-core = ">=3.2.0,<3.3.0"
python-dateutil = ">=2.7.0,<3.0.0"
typing-extensions = ">=4.5.0"

[package.extras]
aiohttp = ["aiohttp (>=3.7.4.post0,<4.0.0)"]
asgi = ["python-multipart (>=0.0.5,<0.0.7)", "starlette (>=0.18.0)"]
chalice = ["chalice (>=1.22,<2.0)"]
channels = ["asgiref (>=3.2,<4.0)", "channels (>=3.0.5)"]
cli = ["libcst (>=0.4.7)", "pygments (>=2.3,<3.0)", "rich (>=12.0.0)", "typer (>=0.7.0)"]
debug = ["libcst (>=0.4.7)", "rich (>=12.0.0)"]
debug-server = ["libcst (>=0.4.7)", "pygments (>=2.3,<3.0)", "python-multipart (>=0.0.5,<0.0.7)", "rich (>=12.0.0)", "starlette (>=0.18.0)", "typer (>=0.7.0)", "uvicorn (>=0.11.6)"]
django = ["Django (>=3.2)", "asgiref (>=3.2,<4.0)"]
fastapi = ["fastapi (>=0.65.2)", "python-multipart (>=0.0.5,<0.0.7)"]
flask = ["flask (>=1.1)"]
opentelemetry = ["opentelemetry-api (<2)", "opentelemetry-sdk (<2)"]
pydantic = ["pydantic (>1.6.1)"]
pyinstrument = ["pyinstrument (>=4.0.0)"]
sanic = ["sanic (>=20.12.2)"]
starlite = ["starlite (>=1.48.0)"]

[[package]]
name = "strawberry-graphql-django"
version = "0.16.0"
description = "Strawberry GraphQL Django extension"
category = "main"
optional = false
python-versions = ">=3.8,<4.0"
files = [
    {file = "strawberry_graphql_django-0.16.0-py3-none-any.whl", hash = "sha256:05de77e0a29f62d25f21e24b07af2d7330e79458c56d04902811d58fb6e083aa"},
    {file = "strawberry_graphql_django-0.16.0.tar.gz", hash = "sha256:4dc650fe63b575360bead54c4af0e70bb00501f8fd4271791eae75ed675efbbd"},
]

[package.dependencies]
Django = ">=3.2"
strawberry-graphql = ">=0.199.0"

[package.extras]
debug-toolbar = ["django-debug-toolbar (>=3.4)"]
enum = ["django-choices-field (>=2.2.2)"]

[[package]]
name = "tomli"
version = "2.0.1"
description = "A lil' TOML parser"
category = "main"
optional = false
python-versions = ">=3.7"
files = [
    {file = "tomli-2.0.1-py3-none-any.whl", hash = "sha256:939de3e7a6161af0c887ef91b7d41a53e7c5a1ca976325f429cb46ea9bc30ecc"},
    {file = "tomli-2.0.1.tar.gz", hash = "sha256:de526c12914f0c550d15924c62d72abc48d6fe7364aa87328337a31007fe8a4f"},
]

[[package]]
name = "typing-extensions"
version = "4.7.1"
description = "Backported and Experimental Type Hints for Python 3.7+"
category = "main"
optional = false
python-versions = ">=3.7"
files = [
    {file = "typing_extensions-4.7.1-py3-none-any.whl", hash = "sha256:440d5dd3af93b060174bf433bccd69b0babc3b15b1a8dca43789fd7f61514b36"},
    {file = "typing_extensions-4.7.1.tar.gz", hash = "sha256:b75ddc264f0ba5615db7ba217daeb99701ad295353c45f9e95963337ceeeffb2"},
]

[[package]]
name = "tzdata"
version = "2023.3"
description = "Provider of IANA time zone data"
category = "main"
optional = false
python-versions = ">=2"
files = [
    {file = "tzdata-2023.3-py2.py3-none-any.whl", hash = "sha256:7e65763eef3120314099b6939b5546db7adce1e7d6f2e179e3df563c70511eda"},
    {file = "tzdata-2023.3.tar.gz", hash = "sha256:11ef1e08e54acb0d4f95bdb1be05da659673de4acbd21bf9c69e94cc5e907a3a"},
]

[metadata]
lock-version = "2.0"
python-versions = "^3.9"
content-hash = "6d041aa66fa7485f61cf96331fdc586c301a2af6a8ae6a22694fef8d0f2255a7"
